
Microsoft Visual Studio Solution File, Format Version 12.00
# Visual Studio 15
Project("{FAE04EC0-301F-11D3-BF4B-00C04F79EFBC}") = "Assembly-CSharp", "Assembly-CSharp.csproj", "{437CC159-2F37-C59C-865B-88DD2A537E91}"
EndProject
Project("{FAE04EC0-301F-11D3-BF4B-00C04F79EFBC}") = "UniTask.Linq", "UniTask.Linq.csproj", "{B80422E6-01CC-F290-9CE1-5F89F5A4BB7B}"
EndProject
Project("{FAE04EC0-301F-11D3-BF4B-00C04F79EFBC}") = "Assembly-CSharp-firstpass", "Assembly-CSharp-firstpass.csproj", "{55C4DE44-D9FB-558B-C708-E9BE75B13A3B}"
EndProject
Project("{FAE04EC0-301F-11D3-BF4B-00C04F79EFBC}") = "SimpleInput.Runtime", "SimpleInput.Runtime.csproj", "{36C6551D-E268-B809-B8A3-85D023ECA793}"
EndProject
Project("{FAE04EC0-301F-11D3-BF4B-00C04F79EFBC}") = "UniTask.DOTween", "UniTask.DOTween.csproj", "{9110932B-57AD-238D-EFC9-53674F3C6569}"
EndProject
Project("{FAE04EC0-301F-11D3-BF4B-00C04F79EFBC}") = "NavMeshPlusEditor", "NavMeshPlusEditor.csproj", "{C6F9EF37-50B1-337F-36B1-418913A80CE7}"
EndProject
Project("{FAE04EC0-301F-11D3-BF4B-00C04F79EFBC}") = "UniTask", "UniTask.csproj", "{BDF97D4C-F6C3-928C-0DCA-D453F95839DB}"
EndProject
Project("{FAE04EC0-301F-11D3-BF4B-00C04F79EFBC}") = "Assembly-CSharp-Editor-firstpass", "Assembly-CSharp-Editor-firstpass.csproj", "{E60FB083-7FFE-B6B0-CC1D-8C39C86F2989}"
EndProject
Project("{FAE04EC0-301F-11D3-BF4B-00C04F79EFBC}") = "UniTask.Tests", "UniTask.Tests.csproj", "{B2E7D7F6-E8AF-3802-84F1-8FF7AFAE955B}"
EndProject
Project("{FAE04EC0-301F-11D3-BF4B-00C04F79EFBC}") = "PolyNav", "PolyNav.csproj", "{5B80CA90-008C-38DC-5ACD-8ACFB06AF98C}"
EndProject
Project("{FAE04EC0-301F-11D3-BF4B-00C04F79EFBC}") = "UniTask.Tests.Editor", "UniTask.Tests.Editor.csproj", "{9F910490-0405-0ED8-21E8-66074842FB42}"
EndProject
Project("{FAE04EC0-301F-11D3-BF4B-00C04F79EFBC}") = "Sirenix.OdinInspector.Modules.Unity.Addressables", "Sirenix.OdinInspector.Modules.Unity.Addressables.csproj", "{39F1863A-D30F-3E9F-6561-71E23423747A}"
EndProject
Project("{FAE04EC0-301F-11D3-BF4B-00C04F79EFBC}") = "NavMeshPlus", "NavMeshPlus.csproj", "{3A4D9D48-A02B-A1A6-9F21-ECA50BCBF8AF}"
EndProject
Project("{FAE04EC0-301F-11D3-BF4B-00C04F79EFBC}") = "UniTask.TextMeshPro", "UniTask.TextMeshPro.csproj", "{E323BA3B-3B5C-6B0F-EF75-1124E67F8DD7}"
EndProject
Project("{FAE04EC0-301F-11D3-BF4B-00C04F79EFBC}") = "SimpleInput.Editor", "SimpleInput.Editor.csproj", "{24040DAF-9C40-E2B5-41CC-D721A23F562B}"
EndProject
Project("{FAE04EC0-301F-11D3-BF4B-00C04F79EFBC}") = "UniTask.Editor", "UniTask.Editor.csproj", "{6C3EC22C-24A5-8C75-D92E-32223C80C445}"
EndProject
Project("{FAE04EC0-301F-11D3-BF4B-00C04F79EFBC}") = "AimingRig", "AimingRig.csproj", "{8D40E95A-08C1-ADEA-109A-FBEB8DA96732}"
EndProject
Project("{FAE04EC0-301F-11D3-BF4B-00C04F79EFBC}") = "Assembly-CSharp-Editor", "Assembly-CSharp-Editor.csproj", "{EDAC9660-B350-C166-B992-D9086E5B7F1B}"
EndProject
Project("{FAE04EC0-301F-11D3-BF4B-00C04F79EFBC}") = "TempAsm", "TempAsm.csproj", "{FBC6112A-16ED-0E1C-A82A-A73C803BAC50}"
EndProject
Project("{FAE04EC0-301F-11D3-BF4B-00C04F79EFBC}") = "UniTask.Addressables", "UniTask.Addressables.csproj", "{A0368ECF-3716-7A00-9307-794BC9A8CDE7}"
EndProject
Project("{FAE04EC0-301F-11D3-BF4B-00C04F79EFBC}") = "Sirenix.OdinInspector.Modules.UnityMathematics", "Sirenix.OdinInspector.Modules.UnityMathematics.csproj", "{6D133C07-FD76-5403-779C-A70B375C1E89}"
EndProject
Global
	GlobalSection(SolutionConfigurationPlatforms) = preSolution
		Debug|Any CPU = Debug|Any CPU
		Release|Any CPU = Release|Any CPU
	EndGlobalSection
	GlobalSection(ProjectConfigurationPlatforms) = postSolution
		{437CC159-2F37-C59C-865B-88DD2A537E91}.Debug|Any CPU.ActiveCfg = Debug|Any CPU
		{437CC159-2F37-C59C-865B-88DD2A537E91}.Debug|Any CPU.Build.0 = Debug|Any CPU
		{437CC159-2F37-C59C-865B-88DD2A537E91}.Release|Any CPU.ActiveCfg = Release|Any CPU
		{437CC159-2F37-C59C-865B-88DD2A537E91}.Release|Any CPU.Build.0 = Release|Any CPU
		{B80422E6-01CC-F290-9CE1-5F89F5A4BB7B}.Debug|Any CPU.ActiveCfg = Debug|Any CPU
		{B80422E6-01CC-F290-9CE1-5F89F5A4BB7B}.Debug|Any CPU.Build.0 = Debug|Any CPU
		{B80422E6-01CC-F290-9CE1-5F89F5A4BB7B}.Release|Any CPU.ActiveCfg = Release|Any CPU
		{B80422E6-01CC-F290-9CE1-5F89F5A4BB7B}.Release|Any CPU.Build.0 = Release|Any CPU
		{55C4DE44-D9FB-558B-C708-E9BE75B13A3B}.Debug|Any CPU.ActiveCfg = Debug|Any CPU
		{55C4DE44-D9FB-558B-C708-E9BE75B13A3B}.Debug|Any CPU.Build.0 = Debug|Any CPU
		{55C4DE44-D9FB-558B-C708-E9BE75B13A3B}.Release|Any CPU.ActiveCfg = Release|Any CPU
		{55C4DE44-D9FB-558B-C708-E9BE75B13A3B}.Release|Any CPU.Build.0 = Release|Any CPU
		{36C6551D-E268-B809-B8A3-85D023ECA793}.Debug|Any CPU.ActiveCfg = Debug|Any CPU
		{36C6551D-E268-B809-B8A3-85D023ECA793}.Debug|Any CPU.Build.0 = Debug|Any CPU
		{36C6551D-E268-B809-B8A3-85D023ECA793}.Release|Any CPU.ActiveCfg = Release|Any CPU
		{36C6551D-E268-B809-B8A3-85D023ECA793}.Release|Any CPU.Build.0 = Release|Any CPU
		{9110932B-57AD-238D-EFC9-53674F3C6569}.Debug|Any CPU.ActiveCfg = Debug|Any CPU
		{9110932B-57AD-238D-EFC9-53674F3C6569}.Debug|Any CPU.Build.0 = Debug|Any CPU
		{9110932B-57AD-238D-EFC9-53674F3C6569}.Release|Any CPU.ActiveCfg = Release|Any CPU
		{9110932B-57AD-238D-EFC9-53674F3C6569}.Release|Any CPU.Build.0 = Release|Any CPU
		{C6F9EF37-50B1-337F-36B1-418913A80CE7}.Debug|Any CPU.ActiveCfg = Debug|Any CPU
		{C6F9EF37-50B1-337F-36B1-418913A80CE7}.Debug|Any CPU.Build.0 = Debug|Any CPU
		{C6F9EF37-50B1-337F-36B1-418913A80CE7}.Release|Any CPU.ActiveCfg = Release|Any CPU
		{C6F9EF37-50B1-337F-36B1-418913A80CE7}.Release|Any CPU.Build.0 = Release|Any CPU
		{BDF97D4C-F6C3-928C-0DCA-D453F95839DB}.Debug|Any CPU.ActiveCfg = Debug|Any CPU
		{BDF97D4C-F6C3-928C-0DCA-D453F95839DB}.Debug|Any CPU.Build.0 = Debug|Any CPU
		{BDF97D4C-F6C3-928C-0DCA-D453F95839DB}.Release|Any CPU.ActiveCfg = Release|Any CPU
		{BDF97D4C-F6C3-928C-0DCA-D453F95839DB}.Release|Any CPU.Build.0 = Release|Any CPU
		{E60FB083-7FFE-B6B0-CC1D-8C39C86F2989}.Debug|Any CPU.ActiveCfg = Debug|Any CPU
		{E60FB083-7FFE-B6B0-CC1D-8C39C86F2989}.Debug|Any CPU.Build.0 = Debug|Any CPU
		{E60FB083-7FFE-B6B0-CC1D-8C39C86F2989}.Release|Any CPU.ActiveCfg = Release|Any CPU
		{E60FB083-7FFE-B6B0-CC1D-8C39C86F2989}.Release|Any CPU.Build.0 = Release|Any CPU
		{B2E7D7F6-E8AF-3802-84F1-8FF7AFAE955B}.Debug|Any CPU.ActiveCfg = Debug|Any CPU
		{B2E7D7F6-E8AF-3802-84F1-8FF7AFAE955B}.Debug|Any CPU.Build.0 = Debug|Any CPU
		{B2E7D7F6-E8AF-3802-84F1-8FF7AFAE955B}.Release|Any CPU.ActiveCfg = Release|Any CPU
		{B2E7D7F6-E8AF-3802-84F1-8FF7AFAE955B}.Release|Any CPU.Build.0 = Release|Any CPU
		{5B80CA90-008C-38DC-5ACD-8ACFB06AF98C}.Debug|Any CPU.ActiveCfg = Debug|Any CPU
		{5B80CA90-008C-38DC-5ACD-8ACFB06AF98C}.Debug|Any CPU.Build.0 = Debug|Any CPU
		{5B80CA90-008C-38DC-5ACD-8ACFB06AF98C}.Release|Any CPU.ActiveCfg = Release|Any CPU
		{5B80CA90-008C-38DC-5ACD-8ACFB06AF98C}.Release|Any CPU.Build.0 = Release|Any CPU
		{9F910490-0405-0ED8-21E8-66074842FB42}.Debug|Any CPU.ActiveCfg = Debug|Any CPU
		{9F910490-0405-0ED8-21E8-66074842FB42}.Debug|Any CPU.Build.0 = Debug|Any CPU
		{9F910490-0405-0ED8-21E8-66074842FB42}.Release|Any CPU.ActiveCfg = Release|Any CPU
		{9F910490-0405-0ED8-21E8-66074842FB42}.Release|Any CPU.Build.0 = Release|Any CPU
		{39F1863A-D30F-3E9F-6561-71E23423747A}.Debug|Any CPU.ActiveCfg = Debug|Any CPU
		{39F1863A-D30F-3E9F-6561-71E23423747A}.Debug|Any CPU.Build.0 = Debug|Any CPU
		{39F1863A-D30F-3E9F-6561-71E23423747A}.Release|Any CPU.ActiveCfg = Release|Any CPU
		{39F1863A-D30F-3E9F-6561-71E23423747A}.Release|Any CPU.Build.0 = Release|Any CPU
		{3A4D9D48-A02B-A1A6-9F21-ECA50BCBF8AF}.Debug|Any CPU.ActiveCfg = Debug|Any CPU
		{3A4D9D48-A02B-A1A6-9F21-ECA50BCBF8AF}.Debug|Any CPU.Build.0 = Debug|Any CPU
		{3A4D9D48-A02B-A1A6-9F21-ECA50BCBF8AF}.Release|Any CPU.ActiveCfg = Release|Any CPU
		{3A4D9D48-A02B-A1A6-9F21-ECA50BCBF8AF}.Release|Any CPU.Build.0 = Release|Any CPU
		{E323BA3B-3B5C-6B0F-EF75-1124E67F8DD7}.Debug|Any CPU.ActiveCfg = Debug|Any CPU
		{E323BA3B-3B5C-6B0F-EF75-1124E67F8DD7}.Debug|Any CPU.Build.0 = Debug|Any CPU
		{E323BA3B-3B5C-6B0F-EF75-1124E67F8DD7}.Release|Any CPU.ActiveCfg = Release|Any CPU
		{E323BA3B-3B5C-6B0F-EF75-1124E67F8DD7}.Release|Any CPU.Build.0 = Release|Any CPU
		{24040DAF-9C40-E2B5-41CC-D721A23F562B}.Debug|Any CPU.ActiveCfg = Debug|Any CPU
		{24040DAF-9C40-E2B5-41CC-D721A23F562B}.Debug|Any CPU.Build.0 = Debug|Any CPU
		{24040DAF-9C40-E2B5-41CC-D721A23F562B}.Release|Any CPU.ActiveCfg = Release|Any CPU
		{24040DAF-9C40-E2B5-41CC-D721A23F562B}.Release|Any CPU.Build.0 = Release|Any CPU
		{6C3EC22C-24A5-8C75-D92E-32223C80C445}.Debug|Any CPU.ActiveCfg = Debug|Any CPU
		{6C3EC22C-24A5-8C75-D92E-32223C80C445}.Debug|Any CPU.Build.0 = Debug|Any CPU
		{6C3EC22C-24A5-8C75-D92E-32223C80C445}.Release|Any CPU.ActiveCfg = Release|Any CPU
		{6C3EC22C-24A5-8C75-D92E-32223C80C445}.Release|Any CPU.Build.0 = Release|Any CPU
		{8D40E95A-08C1-ADEA-109A-FBEB8DA96732}.Debug|Any CPU.ActiveCfg = Debug|Any CPU
		{8D40E95A-08C1-ADEA-109A-FBEB8DA96732}.Debug|Any CPU.Build.0 = Debug|Any CPU
		{8D40E95A-08C1-ADEA-109A-FBEB8DA96732}.Release|Any CPU.ActiveCfg = Release|Any CPU
		{8D40E95A-08C1-ADEA-109A-FBEB8DA96732}.Release|Any CPU.Build.0 = Release|Any CPU
		{EDAC9660-B350-C166-B992-D9086E5B7F1B}.Debug|Any CPU.ActiveCfg = Debug|Any CPU
		{EDAC9660-B350-C166-B992-D9086E5B7F1B}.Debug|Any CPU.Build.0 = Debug|Any CPU
		{EDAC9660-B350-C166-B992-D9086E5B7F1B}.Release|Any CPU.ActiveCfg = Release|Any CPU
		{EDAC9660-B350-C166-B992-D9086E5B7F1B}.Release|Any CPU.Build.0 = Release|Any CPU
		{FBC6112A-16ED-0E1C-A82A-A73C803BAC50}.Debug|Any CPU.ActiveCfg = Debug|Any CPU
		{FBC6112A-16ED-0E1C-A82A-A73C803BAC50}.Debug|Any CPU.Build.0 = Debug|Any CPU
		{FBC6112A-16ED-0E1C-A82A-A73C803BAC50}.Release|Any CPU.ActiveCfg = Release|Any CPU
		{FBC6112A-16ED-0E1C-A82A-A73C803BAC50}.Release|Any CPU.Build.0 = Release|Any CPU
		{A0368ECF-3716-7A00-9307-794BC9A8CDE7}.Debug|Any CPU.ActiveCfg = Debug|Any CPU
		{A0368ECF-3716-7A00-9307-794BC9A8CDE7}.Debug|Any CPU.Build.0 = Debug|Any CPU
		{A0368ECF-3716-7A00-9307-794BC9A8CDE7}.Release|Any CPU.ActiveCfg = Release|Any CPU
		{A0368ECF-3716-7A00-9307-794BC9A8CDE7}.Release|Any CPU.Build.0 = Release|Any CPU
		{6D133C07-FD76-5403-779C-A70B375C1E89}.Debug|Any CPU.ActiveCfg = Debug|Any CPU
		{6D133C07-FD76-5403-779C-A70B375C1E89}.Debug|Any CPU.Build.0 = Debug|Any CPU
		{6D133C07-FD76-5403-779C-A70B375C1E89}.Release|Any CPU.ActiveCfg = Release|Any CPU
		{6D133C07-FD76-5403-779C-A70B375C1E89}.Release|Any CPU.Build.0 = Release|Any CPU
	EndGlobalSection
	GlobalSection(SolutionProperties) = preSolution
		HideSolutionNode = FALSE
	EndGlobalSection
EndGlobal
